
Microsoft Visual Studio Solution File, Format Version 12.00
# Visual Studio Version 16
VisualStudioVersion = 16.0.30413.136
MinimumVisualStudioVersion = 10.0.40219.1
Project("{8BC9CEB8-8B4A-11D0-8D11-00A0C91BC942}") = "parseQR", "parseQR.vcxproj", "{65326182-947E-407F-80E0-1E1EB2D98EAF}"
EndProject
Global
	GlobalSection(SolutionConfigurationPlatforms) = preSolution
		Debug|x64 = Debug|x64
		Debug|x86 = Debug|x86
		Release|x64 = Release|x64
		Release|x86 = Release|x86
	EndGlobalSection
	GlobalSection(ProjectConfigurationPlatforms) = postSolution
		{65326182-947E-407F-80E0-1E1EB2D98EAF}.Debug|x64.ActiveCfg = Debug|x64
		{65326182-947E-407F-80E0-1E1EB2D98EAF}.Debug|x64.Build.0 = Debug|x64
		{65326182-947E-407F-80E0-1E1EB2D98EAF}.Debug|x86.ActiveCfg = Debug|Win32
		{65326182-947E-407F-80E0-1E1EB2D98EAF}.Debug|x86.Build.0 = Debug|Win32
		{65326182-947E-407F-80E0-1E1EB2D98EAF}.Release|x64.ActiveCfg = Release|x64
		{65326182-947E-407F-80E0-1E1EB2D98EAF}.Release|x64.Build.0 = Release|x64
		{65326182-947E-407F-80E0-1E1EB2D98EAF}.Release|x86.ActiveCfg = Release|Win32
		{65326182-947E-407F-80E0-1E1EB2D98EAF}.Release|x86.Build.0 = Release|Win32
	EndGlobalSection
	GlobalSection(SolutionProperties) = preSolution
		HideSolutionNode = FALSE
	EndGlobalSection
	GlobalSection(ExtensibilityGlobals) = postSolution
		SolutionGuid = {281F33E4-B361-4F30-9486-E7274273D832}
	EndGlobalSection
EndGlobal
